// !$*UTF8*$!
{
	archiveVersion = 1;
	classes = {
	};
	objectVersion = 77;
	objects = {

/* Begin PBXBuildFile section */
		0BBBC6CA2F380E7B0047F677 /* Assets.xcassets in Resources */ = {isa = PBXBuildFile; fileRef = 0BBBC6C72F380E7B0047F677 /* Assets.xcassets */; };
		0BBBC6CC2F380E7B0047F677 /* dailyQApp.swift in Sources */ = {isa = PBXBuildFile; fileRef = 0BBBC6C92F380E7B0047F677 /* dailyQApp.swift */; };
		0BBBC6CF2F38102E0047F677 /* DayState.swift in Sources */ = {isa = PBXBuildFile; fileRef = 0BBBC6CE2F38102E0047F677 /* DayState.swift */; };
		0BBBC6D22F3810770047F677 /* DailyFlowView.swift in Sources */ = {isa = PBXBuildFile; fileRef = 0BBBC6D12F3810770047F677 /* DailyFlowView.swift */; };
		0BBBC6D52F3812F70047F677 /* Home.swift in Sources */ = {isa = PBXBuildFile; fileRef = 0BBBC6D42F3812F70047F677 /* Home.swift */; };
		0BBBC6D72F3813800047F677 /* Reflection.swift in Sources */ = {isa = PBXBuildFile; fileRef = 0BBBC6D62F3813800047F677 /* Reflection.swift */; };
		0BBBC6D92F3814360047F677 /* Completed.swift in Sources */ = {isa = PBXBuildFile; fileRef = 0BBBC6D82F3814360047F677 /* Completed.swift */; };
		0BBBC6DC2F3815820047F677 /* MemoryItem.swift in Sources */ = {isa = PBXBuildFile; fileRef = 0BBBC6DB2F3815820047F677 /* MemoryItem.swift */; };
		0BBBC6DF2F3815AB0047F677 /* MemoryLoader.swift in Sources */ = {isa = PBXBuildFile; fileRef = 0BBBC6DE2F3815AB0047F677 /* MemoryLoader.swift */; };
		0BBBC6E22F3815EA0047F677 /* MemoryFreeView.swift in Sources */ = {isa = PBXBuildFile; fileRef = 0BBBC6E12F3815EA0047F677 /* MemoryFreeView.swift */; };
		0BBBC6E52F3816EE0047F677 /* AccountView.swift in Sources */ = {isa = PBXBuildFile; fileRef = 0BBBC6E42F3816EE0047F677 /* AccountView.swift */; };
		0BBBC6E72F3818F30047F677 /* MemoryLockedView.swift in Sources */ = {isa = PBXBuildFile; fileRef = 0BBBC6E62F3818F30047F677 /* MemoryLockedView.swift */; };
		0BBBC6E92F381B0C0047F677 /* MemoryCardView.swift in Sources */ = {isa = PBXBuildFile; fileRef = 0BBBC6E82F381B0C0047F677 /* MemoryCardView.swift */; };
/* End PBXBuildFile section */

/* Begin PBXFileReference section */
		0B41C69D2F35705500EDC618 /* dailyQ.app */ = {isa = PBXFileReference; explicitFileType = wrapper.application; includeInIndex = 0; path = dailyQ.app; sourceTree = BUILT_PRODUCTS_DIR; };
		0BBBC6C72F380E7B0047F677 /* Assets.xcassets */ = {isa = PBXFileReference; lastKnownFileType = folder.assetcatalog; path = Assets.xcassets; sourceTree = "<group>"; };
		0BBBC6C92F380E7B0047F677 /* dailyQApp.swift */ = {isa = PBXFileReference; lastKnownFileType = sourcecode.swift; path = dailyQApp.swift; sourceTree = "<group>"; };
		0BBBC6CE2F38102E0047F677 /* DayState.swift */ = {isa = PBXFileReference; lastKnownFileType = sourcecode.swift; path = DayState.swift; sourceTree = "<group>"; };
		0BBBC6D12F3810770047F677 /* DailyFlowView.swift */ = {isa = PBXFileReference; lastKnownFileType = sourcecode.swift; path = DailyFlowView.swift; sourceTree = "<group>"; };
		0BBBC6D42F3812F70047F677 /* Home.swift */ = {isa = PBXFileReference; lastKnownFileType = sourcecode.swift; path = Home.swift; sourceTree = "<group>"; };
		0BBBC6D62F3813800047F677 /* Reflection.swift */ = {isa = PBXFileReference; lastKnownFileType = sourcecode.swift; path = Reflection.swift; sourceTree = "<group>"; };
		0BBBC6D82F3814360047F677 /* Completed.swift */ = {isa = PBXFileReference; lastKnownFileType = sourcecode.swift; path = Completed.swift; sourceTree = "<group>"; };
		0BBBC6DB2F3815820047F677 /* MemoryItem.swift */ = {isa = PBXFileReference; lastKnownFileType = sourcecode.swift; path = MemoryItem.swift; sourceTree = "<group>"; };
		0BBBC6DE2F3815AB0047F677 /* MemoryLoader.swift */ = {isa = PBXFileReference; lastKnownFileType = sourcecode.swift; path = MemoryLoader.swift; sourceTree = "<group>"; };
		0BBBC6E12F3815EA0047F677 /* MemoryFreeView.swift */ = {isa = PBXFileReference; lastKnownFileType = sourcecode.swift; path = MemoryFreeView.swift; sourceTree = "<group>"; };
		0BBBC6E42F3816EE0047F677 /* AccountView.swift */ = {isa = PBXFileReference; lastKnownFileType = sourcecode.swift; path = AccountView.swift; sourceTree = "<group>"; };
		0BBBC6E62F3818F30047F677 /* MemoryLockedView.swift */ = {isa = PBXFileReference; lastKnownFileType = sourcecode.swift; path = MemoryLockedView.swift; sourceTree = "<group>"; };
		0BBBC6E82F381B0C0047F677 /* MemoryCardView.swift */ = {isa = PBXFileReference; lastKnownFileType = sourcecode.swift; path = MemoryCardView.swift; sourceTree = "<group>"; };
/* End PBXFileReference section */

/* Begin PBXFrameworksBuildPhase section */
		0B41C69A2F35705500EDC618 /* Frameworks */ = {
			isa = PBXFrameworksBuildPhase;
			buildActionMask = 2147483647;
			files = (
			);
			runOnlyForDeploymentPostprocessing = 0;
		};
/* End PBXFrameworksBuildPhase section */

/* Begin PBXGroup section */
		0B41C6942F35705500EDC618 = {
			isa = PBXGroup;
			children = (
				0BBBC6DD2F3815980047F677 /* Services */,
				0BBBC6DA2F3815750047F677 /* Models */,
				0BBBC6D02F3810600047F677 /* Views */,
				0BBBC6CD2F38101D0047F677 /* State */,
				0BBBC6C92F380E7B0047F677 /* dailyQApp.swift */,
				0BBBC6C72F380E7B0047F677 /* Assets.xcassets */,
				0B41C69E2F35705500EDC618 /* Products */,
			);
			sourceTree = "<group>";
		};
		0B41C69E2F35705500EDC618 /* Products */ = {
			isa = PBXGroup;
			children = (
				0B41C69D2F35705500EDC618 /* dailyQ.app */,
			);
			name = Products;
			sourceTree = "<group>";
		};
		0BBBC6CD2F38101D0047F677 /* State */ = {
			isa = PBXGroup;
			children = (
				0BBBC6CE2F38102E0047F677 /* DayState.swift */,
			);
			path = State;
			sourceTree = "<group>";
		};
		0BBBC6D02F3810600047F677 /* Views */ = {
			isa = PBXGroup;
			children = (
				0BBBC6E32F3816E00047F677 /* Account */,
				0BBBC6E02F3815D60047F677 /* Memory */,
				0BBBC6D32F3812DE0047F677 /* Daily */,
			);
			path = Views;
			sourceTree = "<group>";
		};
		0BBBC6D32F3812DE0047F677 /* Daily */ = {
			isa = PBXGroup;
			children = (
				0BBBC6D12F3810770047F677 /* DailyFlowView.swift */,
				0BBBC6D42F3812F70047F677 /* Home.swift */,
				0BBBC6D62F3813800047F677 /* Reflection.swift */,
				0BBBC6D82F3814360047F677 /* Completed.swift */,
			);
			path = Daily;
			sourceTree = "<group>";
		};
		0BBBC6DA2F3815750047F677 /* Models */ = {
			isa = PBXGroup;
			children = (
				0BBBC6DB2F3815820047F677 /* MemoryItem.swift */,
			);
			path = Models;
			sourceTree = "<group>";
		};
		0BBBC6DD2F3815980047F677 /* Services */ = {
			isa = PBXGroup;
			children = (
				0BBBC6DE2F3815AB0047F677 /* MemoryLoader.swift */,
			);
			path = Services;
			sourceTree = "<group>";
		};
		0BBBC6E02F3815D60047F677 /* Memory */ = {
			isa = PBXGroup;
			children = (
				0BBBC6E12F3815EA0047F677 /* MemoryFreeView.swift */,
				0BBBC6E62F3818F30047F677 /* MemoryLockedView.swift */,
				0BBBC6E82F381B0C0047F677 /* MemoryCardView.swift */,
			);
			path = Memory;
			sourceTree = "<group>";
		};
		0BBBC6E32F3816E00047F677 /* Account */ = {
			isa = PBXGroup;
			children = (
				0BBBC6E42F3816EE0047F677 /* AccountView.swift */,
			);
			path = Account;
			sourceTree = "<group>";
		};
/* End PBXGroup section */

/* Begin PBXNativeTarget section */
		0B41C69C2F35705500EDC618 /* dailyQ */ = {
			isa = PBXNativeTarget;
			buildConfigurationList = 0B41C6A82F35705600EDC618 /* Build configuration list for PBXNativeTarget "dailyQ" */;
			buildPhases = (
				0B41C6992F35705500EDC618 /* Sources */,
				0B41C69A2F35705500EDC618 /* Frameworks */,
				0B41C69B2F35705500EDC618 /* Resources */,
			);
			buildRules = (
			);
			dependencies = (
			);
			name = dailyQ;
			packageProductDependencies = (
			);
			productName = dailyQ;
			productReference = 0B41C69D2F35705500EDC618 /* dailyQ.app */;
			productType = "com.apple.product-type.application";
		};
/* End PBXNativeTarget section */

/* Begin PBXProject section */
		0B41C6952F35705500EDC618 /* Project object */ = {
			isa = PBXProject;
			attributes = {
				BuildIndependentTargetsInParallel = 1;
				LastSwiftUpdateCheck = 2620;
				LastUpgradeCheck = 2620;
				TargetAttributes = {
					0B41C69C2F35705500EDC618 = {
						CreatedOnToolsVersion = 26.2;
					};
				};
			};
			buildConfigurationList = 0B41C6982F35705500EDC618 /* Build configuration list for PBXProject "dailyQ" */;
			developmentRegion = en;
			hasScannedForEncodings = 0;
			knownRegions = (
				en,
				Base,
			);
			mainGroup = 0B41C6942F35705500EDC618;
			minimizedProjectReferenceProxies = 1;
			preferredProjectObjectVersion = 77;
			productRefGroup = 0B41C69E2F35705500EDC618 /* Products */;
			projectDirPath = "";
			projectRoot = "";
			targets = (
				0B41C69C2F35705500EDC618 /* dailyQ */,
			);
		};
/* End PBXProject section */

/* Begin PBXResourcesBuildPhase section */
		0B41C69B2F35705500EDC618 /* Resources */ = {
			isa = PBXResourcesBuildPhase;
			buildActionMask = 2147483647;
			files = (
				0BBBC6CA2F380E7B0047F677 /* Assets.xcassets in Resources */,
			);
			runOnlyForDeploymentPostprocessing = 0;
		};
/* End PBXResourcesBuildPhase section */

/* Begin PBXSourcesBuildPhase section */
		0B41C6992F35705500EDC618 /* Sources */ = {
			isa = PBXSourcesBuildPhase;
			buildActionMask = 2147483647;
			files = (
				0BBBC6CF2F38102E0047F677 /* DayState.swift in Sources */,
				0BBBC6E22F3815EA0047F677 /* MemoryFreeView.swift in Sources */,
				0BBBC6D22F3810770047F677 /* DailyFlowView.swift in Sources */,
				0BBBC6DC2F3815820047F677 /* MemoryItem.swift in Sources */,
				0BBBC6E52F3816EE0047F677 /* AccountView.swift in Sources */,
				0BBBC6D52F3812F70047F677 /* Home.swift in Sources */,
				0BBBC6D92F3814360047F677 /* Completed.swift in Sources */,
				0BBBC6DF2F3815AB0047F677 /* MemoryLoader.swift in Sources */,
				0BBBC6D72F3813800047F677 /* Reflection.swift in Sources */,
				0BBBC6E92F381B0C0047F677 /* MemoryCardView.swift in Sources */,
				0BBBC6CC2F380E7B0047F677 /* dailyQApp.swift in Sources */,
				0BBBC6E72F3818F30047F677 /* MemoryLockedView.swift in Sources */,
			);
			runOnlyForDeploymentPostprocessing = 0;
		};
/* End PBXSourcesBuildPhase section */

/* Begin XCBuildConfiguration section */
		0B41C6A62F35705600EDC618 /* Debug */ = {
			isa = XCBuildConfiguration;
			buildSettings = {
				ALWAYS_SEARCH_USER_PATHS = NO;
				ASSETCATALOG_COMPILER_GENERATE_SWIFT_ASSET_SYMBOL_EXTENSIONS = YES;
				CLANG_ANALYZER_NONNULL = YES;
				CLANG_ANALYZER_NUMBER_OBJECT_CONVERSION = YES_AGGRESSIVE;
				CLANG_CXX_LANGUAGE_STANDARD = "gnu++20";
				CLANG_ENABLE_MODULES = YES;
				CLANG_ENABLE_OBJC_ARC = YES;
				CLANG_ENABLE_OBJC_WEAK = YES;
				CLANG_WARN_BLOCK_CAPTURE_AUTORELEASING = YES;
				CLANG_WARN_BOOL_CONVERSION = YES;
				CLANG_WARN_COMMA = YES;
				CLANG_WARN_CONSTANT_CONVERSION = YES;
				CLANG_WARN_DEPRECATED_OBJC_IMPLEMENTATIONS = YES;
				CLANG_WARN_DIRECT_OBJC_ISA_USAGE = YES_ERROR;
				CLANG_WARN_DOCUMENTATION_COMMENTS = YES;
				CLANG_WARN_EMPTY_BODY = YES;
				CLANG_WARN_ENUM_CONVERSION = YES;
				CLANG_WARN_INFINITE_RECURSION = YES;
				CLANG_WARN_INT_CONVERSION = YES;
				CLANG_WARN_NON_LITERAL_NULL_CONVERSION = YES;
				CLANG_WARN_OBJC_IMPLICIT_RETAIN_SELF = YES;
				CLANG_WARN_OBJC_LITERAL_CONVERSION = YES;
				CLANG_WARN_OBJC_ROOT_CLASS = YES_ERROR;
				CLANG_WARN_QUOTED_INCLUDE_IN_FRAMEWORK_HEADER = YES;
				CLANG_WARN_RANGE_LOOP_ANALYSIS = YES;
				CLANG_WARN_STRICT_PROTOTYPES = YES;
				CLANG_WARN_SUSPICIOUS_MOVE = YES;
				CLANG_WARN_UNGUARDED_AVAILABILITY = YES_AGGRESSIVE;
				CLANG_WARN_UNREACHABLE_CODE = YES;
				CLANG_WARN__DUPLICATE_METHOD_MATCH = YES;
				COPY_PHASE_STRIP = NO;
				DEBUG_INFORMATION_FORMAT = dwarf;
				ENABLE_STRICT_OBJC_MSGSEND = YES;
				ENABLE_TESTABILITY = YES;
				ENABLE_USER_SCRIPT_SANDBOXING = YES;
				GCC_C_LANGUAGE_STANDARD = gnu17;
				GCC_DYNAMIC_NO_PIC = NO;
				GCC_NO_COMMON_BLOCKS = YES;
				GCC_OPTIMIZATION_LEVEL = 0;
				GCC_PREPROCESSOR_DEFINITIONS = (
					"DEBUG=1",
					"$(inherited)",
				);
				GCC_WARN_64_TO_32_BIT_CONVERSION = YES;
				GCC_WARN_ABOUT_RETURN_TYPE = YES_ERROR;
				GCC_WARN_UNDECLARED_SELECTOR = YES;
				GCC_WARN_UNINITIALIZED_AUTOS = YES_AGGRESSIVE;
				GCC_WARN_UNUSED_FUNCTION = YES;
				GCC_WARN_UNUSED_VARIABLE = YES;
				LOCALIZATION_PREFERS_STRING_CATALOGS = YES;
				MTL_ENABLE_DEBUG_INFO = INCLUDE_SOURCE;
				MTL_FAST_MATH = YES;
				ONLY_ACTIVE_ARCH = YES;
				SWIFT_ACTIVE_COMPILATION_CONDITIONS = "DEBUG $(inherited)";
				SWIFT_OPTIMIZATION_LEVEL = "-Onone";
			};
			name = Debug;
		};
		0B41C6A72F35705600EDC618 /* Release */ = {
			isa = XCBuildConfiguration;
			buildSettings = {
				ALWAYS_SEARCH_USER_PATHS = NO;
				ASSETCATALOG_COMPILER_GENERATE_SWIFT_ASSET_SYMBOL_EXTENSIONS = YES;
				CLANG_ANALYZER_NONNULL = YES;
				CLANG_ANALYZER_NUMBER_OBJECT_CONVERSION = YES_AGGRESSIVE;
				CLANG_CXX_LANGUAGE_STANDARD = "gnu++20";
				CLANG_ENABLE_MODULES = YES;
				CLANG_ENABLE_OBJC_ARC = YES;
				CLANG_ENABLE_OBJC_WEAK = YES;
				CLANG_WARN_BLOCK_CAPTURE_AUTORELEASING = YES;
				CLANG_WARN_BOOL_CONVERSION = YES;
				CLANG_WARN_COMMA = YES;
				CLANG_WARN_CONSTANT_CONVERSION = YES;
				CLANG_WARN_DEPRECATED_OBJC_IMPLEMENTATIONS = YES;
				CLANG_WARN_DIRECT_OBJC_ISA_USAGE = YES_ERROR;
				CLANG_WARN_DOCUMENTATION_COMMENTS = YES;
				CLANG_WARN_EMPTY_BODY = YES;
				CLANG_WARN_ENUM_CONVERSION = YES;
				CLANG_WARN_INFINITE_RECURSION = YES;
				CLANG_WARN_INT_CONVERSION = YES;
				CLANG_WARN_NON_LITERAL_NULL_CONVERSION = YES;
				CLANG_WARN_OBJC_IMPLICIT_RETAIN_SELF = YES;
				CLANG_WARN_OBJC_LITERAL_CONVERSION = YES;
				CLANG_WARN_OBJC_ROOT_CLASS = YES_ERROR;
				CLANG_WARN_QUOTED_INCLUDE_IN_FRAMEWORK_HEADER = YES;
				CLANG_WARN_RANGE_LOOP_ANALYSIS = YES;
				CLANG_WARN_STRICT_PROTOTYPES = YES;
				CLANG_WARN_SUSPICIOUS_MOVE = YES;
				CLANG_WARN_UNGUARDED_AVAILABILITY = YES_AGGRESSIVE;
				CLANG_WARN_UNREACHABLE_CODE = YES;
				CLANG_WARN__DUPLICATE_METHOD_MATCH = YES;
				COPY_PHASE_STRIP = NO;
				DEBUG_INFORMATION_FORMAT = "dwarf-with-dsym";
				ENABLE_NS_ASSERTIONS = NO;
				ENABLE_STRICT_OBJC_MSGSEND = YES;
				ENABLE_USER_SCRIPT_SANDBOXING = YES;
				GCC_C_LANGUAGE_STANDARD = gnu17;
				GCC_NO_COMMON_BLOCKS = YES;
				GCC_WARN_64_TO_32_BIT_CONVERSION = YES;
				GCC_WARN_ABOUT_RETURN_TYPE = YES_ERROR;
				GCC_WARN_UNDECLARED_SELECTOR = YES;
				GCC_WARN_UNINITIALIZED_AUTOS = YES_AGGRESSIVE;
				GCC_WARN_UNUSED_FUNCTION = YES;
				GCC_WARN_UNUSED_VARIABLE = YES;
				LOCALIZATION_PREFERS_STRING_CATALOGS = YES;
				MTL_ENABLE_DEBUG_INFO = NO;
				MTL_FAST_MATH = YES;
				SWIFT_COMPILATION_MODE = wholemodule;
			};
			name = Release;
		};
		0B41C6A92F35705600EDC618 /* Debug */ = {
			isa = XCBuildConfiguration;
			buildSettings = {
				ASSETCATALOG_COMPILER_APPICON_NAME = AppIcon;
				ASSETCATALOG_COMPILER_GLOBAL_ACCENT_COLOR_NAME = AccentColor;
				CODE_SIGN_STYLE = Automatic;
				CURRENT_PROJECT_VERSION = 1;
				ENABLE_APP_SANDBOX = YES;
				ENABLE_PREVIEWS = YES;
				ENABLE_USER_SELECTED_FILES = readonly;
				GENERATE_INFOPLIST_FILE = YES;
				"INFOPLIST_KEY_UIApplicationSceneManifest_Generation[sdk=iphoneos*]" = YES;
				"INFOPLIST_KEY_UIApplicationSceneManifest_Generation[sdk=iphonesimulator*]" = YES;
				"INFOPLIST_KEY_UIApplicationSupportsIndirectInputEvents[sdk=iphoneos*]" = YES;
				"INFOPLIST_KEY_UIApplicationSupportsIndirectInputEvents[sdk=iphonesimulator*]" = YES;
				"INFOPLIST_KEY_UILaunchScreen_Generation[sdk=iphoneos*]" = YES;
				"INFOPLIST_KEY_UILaunchScreen_Generation[sdk=iphonesimulator*]" = YES;
				"INFOPLIST_KEY_UIStatusBarStyle[sdk=iphoneos*]" = UIStatusBarStyleDefault;
				"INFOPLIST_KEY_UIStatusBarStyle[sdk=iphonesimulator*]" = UIStatusBarStyleDefault;
				INFOPLIST_KEY_UISupportedInterfaceOrientations_iPad = "UIInterfaceOrientationPortrait UIInterfaceOrientationPortraitUpsideDown UIInterfaceOrientationLandscapeLeft UIInterfaceOrientationLandscapeRight";
				INFOPLIST_KEY_UISupportedInterfaceOrientations_iPhone = "UIInterfaceOrientationPortrait UIInterfaceOrientationLandscapeLeft UIInterfaceOrientationLandscapeRight";
				IPHONEOS_DEPLOYMENT_TARGET = 26.2;
				LD_RUNPATH_SEARCH_PATHS = "@executable_path/Frameworks";
				"LD_RUNPATH_SEARCH_PATHS[sdk=macosx*]" = "@executable_path/../Frameworks";
				MACOSX_DEPLOYMENT_TARGET = 26.2;
				MARKETING_VERSION = 1.0;
				PRODUCT_BUNDLE_IDENTIFIER = dailyq.dailyQ;
				PRODUCT_NAME = "$(TARGET_NAME)";
				REGISTER_APP_GROUPS = YES;
				SDKROOT = auto;
				STRING_CATALOG_GENERATE_SYMBOLS = YES;
				SUPPORTED_PLATFORMS = "iphoneos iphonesimulator macosx xros xrsimulator";
				SWIFT_APPROACHABLE_CONCURRENCY = YES;
				SWIFT_DEFAULT_ACTOR_ISOLATION = MainActor;
				SWIFT_EMIT_LOC_STRINGS = YES;
				SWIFT_UPCOMING_FEATURE_MEMBER_IMPORT_VISIBILITY = YES;
				SWIFT_VERSION = 5.0;
				TARGETED_DEVICE_FAMILY = "1,2,7";
				XROS_DEPLOYMENT_TARGET = 26.2;
			};
			name = Debug;
		};
		0B41C6AA2F35705600EDC618 /* Release */ = {
			isa = XCBuildConfiguration;
			buildSettings = {
				ASSETCATALOG_COMPILER_APPICON_NAME = AppIcon;
				ASSETCATALOG_COMPILER_GLOBAL_ACCENT_COLOR_NAME = AccentColor;
				CODE_SIGN_STYLE = Automatic;
				CURRENT_PROJECT_VERSION = 1;
				ENABLE_APP_SANDBOX = YES;
				ENABLE_PREVIEWS = YES;
				ENABLE_USER_SELECTED_FILES = readonly;
				GENERATE_INFOPLIST_FILE = YES;
				"INFOPLIST_KEY_UIApplicationSceneManifest_Generation[sdk=iphoneos*]" = YES;
				"INFOPLIST_KEY_UIApplicationSceneManifest_Generation[sdk=iphonesimulator*]" = YES;
				"INFOPLIST_KEY_UIApplicationSupportsIndirectInputEvents[sdk=iphoneos*]" = YES;
				"INFOPLIST_KEY_UIApplicationSupportsIndirectInputEvents[sdk=iphonesimulator*]" = YES;
				"INFOPLIST_KEY_UILaunchScreen_Generation[sdk=iphoneos*]" = YES;
				"INFOPLIST_KEY_UILaunchScreen_Generation[sdk=iphonesimulator*]" = YES;
				"INFOPLIST_KEY_UIStatusBarStyle[sdk=iphoneos*]" = UIStatusBarStyleDefault;
				"INFOPLIST_KEY_UIStatusBarStyle[sdk=iphonesimulator*]" = UIStatusBarStyleDefault;
				INFOPLIST_KEY_UISupportedInterfaceOrientations_iPad = "UIInterfaceOrientationPortrait UIInterfaceOrientationPortraitUpsideDown UIInterfaceOrientationLandscapeLeft UIInterfaceOrientationLandscapeRight";
				INFOPLIST_KEY_UISupportedInterfaceOrientations_iPhone = "UIInterfaceOrientationPortrait UIInterfaceOrientationLandscapeLeft UIInterfaceOrientationLandscapeRight";
				IPHONEOS_DEPLOYMENT_TARGET = 26.2;
				LD_RUNPATH_SEARCH_PATHS = "@executable_path/Frameworks";
				"LD_RUNPATH_SEARCH_PATHS[sdk=macosx*]" = "@executable_path/../Frameworks";
				MACOSX_DEPLOYMENT_TARGET = 26.2;
				MARKETING_VERSION = 1.0;
				PRODUCT_BUNDLE_IDENTIFIER = dailyq.dailyQ;
				PRODUCT_NAME = "$(TARGET_NAME)";
				REGISTER_APP_GROUPS = YES;
				SDKROOT = auto;
				STRING_CATALOG_GENERATE_SYMBOLS = YES;
				SUPPORTED_PLATFORMS = "iphoneos iphonesimulator macosx xros xrsimulator";
				SWIFT_APPROACHABLE_CONCURRENCY = YES;
				SWIFT_DEFAULT_ACTOR_ISOLATION = MainActor;
				SWIFT_EMIT_LOC_STRINGS = YES;
				SWIFT_UPCOMING_FEATURE_MEMBER_IMPORT_VISIBILITY = YES;
				SWIFT_VERSION = 5.0;
				TARGETED_DEVICE_FAMILY = "1,2,7";
				XROS_DEPLOYMENT_TARGET = 26.2;
			};
			name = Release;
		};
/* End XCBuildConfiguration section */

/* Begin XCConfigurationList section */
		0B41C6982F35705500EDC618 /* Build configuration list for PBXProject "dailyQ" */ = {
			isa = XCConfigurationList;
			buildConfigurations = (
				0B41C6A62F35705600EDC618 /* Debug */,
				0B41C6A72F35705600EDC618 /* Release */,
			);
			defaultConfigurationIsVisible = 0;
			defaultConfigurationName = Release;
		};
		0B41C6A82F35705600EDC618 /* Build configuration list for PBXNativeTarget "dailyQ" */ = {
			isa = XCConfigurationList;
			buildConfigurations = (
				0B41C6A92F35705600EDC618 /* Debug */,
				0B41C6AA2F35705600EDC618 /* Release */,
			);
			defaultConfigurationIsVisible = 0;
			defaultConfigurationName = Release;
		};
/* End XCConfigurationList section */
	};
	rootObject = 0B41C6952F35705500EDC618 /* Project object */;
}
